
Microsoft Visual Studio Solution File, Format Version 12.00
# Visual Studio 15
VisualStudioVersion = 15.0.28307.136
MinimumVisualStudioVersion = 10.0.40219.1
Project("{FAE04EC0-301F-11D3-BF4B-00C04F79EFBC}") = "RentCar", "RentCar\RentCar.csproj", "{CD351608-3C3E-4A9D-8090-E1C07B826750}"
EndProject
Project("{FAE04EC0-301F-11D3-BF4B-00C04F79EFBC}") = "RentCar.Data", "RentCar.Data\RentCar.Data.csproj", "{F9F5B8B5-591B-417A-8735-6C3E3D078449}"
EndProject
Project("{FAE04EC0-301F-11D3-BF4B-00C04F79EFBC}") = "RentCar.Service", "RentCar.Service\RentCar.Service.csproj", "{7C3B6E03-9391-4347-9B35-3BFDA5A3C0B4}"
EndProject
Global
	GlobalSection(SolutionConfigurationPlatforms) = preSolution
		Debug|Any CPU = Debug|Any CPU
		Release|Any CPU = Release|Any CPU
	EndGlobalSection
	GlobalSection(ProjectConfigurationPlatforms) = postSolution
		{CD351608-3C3E-4A9D-8090-E1C07B826750}.Debug|Any CPU.ActiveCfg = Debug|Any CPU
		{CD351608-3C3E-4A9D-8090-E1C07B826750}.Debug|Any CPU.Build.0 = Debug|Any CPU
		{CD351608-3C3E-4A9D-8090-E1C07B826750}.Release|Any CPU.ActiveCfg = Release|Any CPU
		{CD351608-3C3E-4A9D-8090-E1C07B826750}.Release|Any CPU.Build.0 = Release|Any CPU
		{F9F5B8B5-591B-417A-8735-6C3E3D078449}.Debug|Any CPU.ActiveCfg = Debug|Any CPU
		{F9F5B8B5-591B-417A-8735-6C3E3D078449}.Debug|Any CPU.Build.0 = Debug|Any CPU
		{F9F5B8B5-591B-417A-8735-6C3E3D078449}.Release|Any CPU.ActiveCfg = Release|Any CPU
		{F9F5B8B5-591B-417A-8735-6C3E3D078449}.Release|Any CPU.Build.0 = Release|Any CPU
		{7C3B6E03-9391-4347-9B35-3BFDA5A3C0B4}.Debug|Any CPU.ActiveCfg = Debug|Any CPU
		{7C3B6E03-9391-4347-9B35-3BFDA5A3C0B4}.Debug|Any CPU.Build.0 = Debug|Any CPU
		{7C3B6E03-9391-4347-9B35-3BFDA5A3C0B4}.Release|Any CPU.ActiveCfg = Release|Any CPU
		{7C3B6E03-9391-4347-9B35-3BFDA5A3C0B4}.Release|Any CPU.Build.0 = Release|Any CPU
	EndGlobalSection
	GlobalSection(SolutionProperties) = preSolution
		HideSolutionNode = FALSE
	EndGlobalSection
	GlobalSection(ExtensibilityGlobals) = postSolution
		SolutionGuid = {934B454B-D875-48FC-A0F0-182965F6A9E6}
	EndGlobalSection
EndGlobal
